Microsoft Visual Studio Solution File, Format Version 12.00
# Visual Studio Version 17
VisualStudioVersion = 17.5.2.0
MinimumVisualStudioVersion = 10.0.40219.1
Project("{FAE04EC0-301F-11D3-BF4B-00C04F79EFBC}") = "TspTestbed", "TspTestbed.csproj", "{367505D5-2530-F50C-560F-BB63DEC7FE4B}"
EndProject
Global
	GlobalSection(SolutionConfigurationPlatforms) = preSolution
		Debug|Any CPU = Debug|Any CPU
		Release|Any CPU = Release|Any CPU
	EndGlobalSection
	GlobalSection(ProjectConfigurationPlatforms) = postSolution
		{367505D5-2530-F50C-560F-BB63DEC7FE4B}.Debug|Any CPU.ActiveCfg = Debug|Any CPU
		{367505D5-2530-F50C-560F-BB63DEC7FE4B}.Debug|Any CPU.Build.0 = Debug|Any CPU
		{367505D5-2530-F50C-560F-BB63DEC7FE4B}.Release|Any CPU.ActiveCfg = Release|Any CPU
		{367505D5-2530-F50C-560F-BB63DEC7FE4B}.Release|Any CPU.Build.0 = Release|Any CPU
	EndGlobalSection
	GlobalSection(SolutionProperties) = preSolution
		HideSolutionNode = FALSE
	EndGlobalSection
	GlobalSection(ExtensibilityGlobals) = postSolution
		SolutionGuid = {20DFC957-7910-4240-8CB1-1D128DAA4C00}
	EndGlobalSection
EndGlobal
